// !$*UTF8*$!
{
	archiveVersion = 1;
	classes = {
	};
	objectVersion = 46;
	objects = {

/* Begin PBXBuildFile section */
		3F6A42A31BA7283800109D14 /* AppDelegate.swift in Sources */ = {isa = PBXBuildFile; fileRef = 3F6A42A21BA7283800109D14 /* AppDelegate.swift */; };
		3F6A42A51BA7283800109D14 /* ViewController.swift in Sources */ = {isa = PBXBuildFile; fileRef = 3F6A42A41BA7283800109D14 /* ViewController.swift */; };
		3F6A42A81BA7283800109D14 /* Main.storyboard in Resources */ = {isa = PBXBuildFile; fileRef = 3F6A42A61BA7283800109D14 /* Main.storyboard */; };
		3F6A42AA1BA7283800109D14 /* Images.xcassets in Resources */ = {isa = PBXBuildFile; fileRef = 3F6A42A91BA7283800109D14 /* Images.xcassets */; };
		3F6A42AD1BA7283800109D14 /* LaunchScreen.xib in Resources */ = {isa = PBXBuildFile; fileRef = 3F6A42AB1BA7283800109D14 /* LaunchScreen.xib */; };
		3F6A42B91BA7283800109D14 /* MultiplyTests.swift in Sources */ = {isa = PBXBuildFile; fileRef = 3F6A42B81BA7283800109D14 /* MultiplyTests.swift */; };
/* End PBXBuildFile section */

/* Begin PBXContainerItemProxy section */
		3F6A42B31BA7283800109D14 /* PBXContainerItemProxy */ = {
			isa = PBXContainerItemProxy;
			containerPortal = 3F6A42951BA7283800109D14 /* Project object */;
			proxyType = 1;
			remoteGlobalIDString = 3F6A429C1BA7283800109D14;
			remoteInfo = Multiply;
		};
/* End PBXContainerItemProxy section */

/* Begin PBXFileReference section */
		3F6A429D1BA7283800109D14 /* Multiply.app */ = {isa = PBXFileReference; explicitFileType = wrapper.application; includeInIndex = 0; path = Multiply.app; sourceTree = BUILT_PRODUCTS_DIR; };
		3F6A42A11BA7283800109D14 /* Info.plist */ = {isa = PBXFileReference; lastKnownFileType = text.plist.xml; path = Info.plist; sourceTree = "<group>"; };
		3F6A42A21BA7283800109D14 /* AppDelegate.swift */ = {isa = PBXFileReference; lastKnownFileType = sourcecode.swift; path = AppDelegate.swift; sourceTree = "<group>"; };
		3F6A42A41BA7283800109D14 /* ViewController.swift */ = {isa = PBXFileReference; lastKnownFileType = sourcecode.swift; path = ViewController.swift; sourceTree = "<group>"; };
		3F6A42A71BA7283800109D14 /* Base */ = {isa = PBXFileReference; lastKnownFileType = file.storyboard; name = Base; path = Base.lproj/Main.storyboard; sourceTree = "<group>"; };
		3F6A42A91BA7283800109D14 /* Images.xcassets */ = {isa = PBXFileReference; lastKnownFileType = folder.assetcatalog; path = Images.xcassets; sourceTree = "<group>"; };
		3F6A42AC1BA7283800109D14 /* Base */ = {isa = PBXFileReference; lastKnownFileType = file.xib; name = Base; path = Base.lproj/LaunchScreen.xib; sourceTree = "<group>"; };
		3F6A42B21BA7283800109D14 /* MultiplyTests.xctest */ = {isa = PBXFileReference; explicitFileType = wrapper.cfbundle; includeInIndex = 0; path = MultiplyTests.xctest; sourceTree = BUILT_PRODUCTS_DIR; };
		3F6A42B71BA7283800109D14 /* Info.plist */ = {isa = PBXFileReference; lastKnownFileType = text.plist.xml; path = Info.plist; sourceTree = "<group>"; };
		3F6A42B81BA7283800109D14 /* MultiplyTests.swift */ = {isa = PBXFileReference; lastKnownFileType = sourcecode.swift; path = MultiplyTests.swift; sourceTree = "<group>"; };
/* End PBXFileReference section */

/* Begin PBXFrameworksBuildPhase section */
		3F6A429A1BA7283800109D14 /* Frameworks */ = {
			isa = PBXFrameworksBuildPhase;
			buildActionMask = 2147483647;
			files = (
			);
			runOnlyForDeploymentPostprocessing = 0;
		};
		3F6A42AF1BA7283800109D14 /* Frameworks */ = {
			isa = PBXFrameworksBuildPhase;
			buildActionMask = 2147483647;
			files = (
			);
			runOnlyForDeploymentPostprocessing = 0;
		};
/* End PBXFrameworksBuildPhase section */

/* Begin PBXGroup section */
		3F6A42941BA7283800109D14 = {
			isa = PBXGroup;
			children = (
				3F6A429F1BA7283800109D14 /* Multiply */,
				3F6A42B51BA7283800109D14 /* MultiplyTests */,
				3F6A429E1BA7283800109D14 /* Products */,
			);
			sourceTree = "<group>";
		};
		3F6A429E1BA7283800109D14 /* Products */ = {
			isa = PBXGroup;
			children = (
				3F6A429D1BA7283800109D14 /* Multiply.app */,
				3F6A42B21BA7283800109D14 /* MultiplyTests.xctest */,
			);
			name = Products;
			sourceTree = "<group>";
		};
		3F6A429F1BA7283800109D14 /* Multiply */ = {
			isa = PBXGroup;
			children = (
				3F6A42A21BA7283800109D14 /* AppDelegate.swift */,
				3F6A42A41BA7283800109D14 /* ViewController.swift */,
				3F6A42A61BA7283800109D14 /* Main.storyboard */,
				3F6A42A91BA7283800109D14 /* Images.xcassets */,
				3F6A42AB1BA7283800109D14 /* LaunchScreen.xib */,
				3F6A42A01BA7283800109D14 /* Supporting Files */,
			);
			path = Multiply;
			sourceTree = "<group>";
		};
		3F6A42A01BA7283800109D14 /* Supporting Files */ = {
			isa = PBXGroup;
			children = (
				3F6A42A11BA7283800109D14 /* Info.plist */,
			);
			name = "Supporting Files";
			sourceTree = "<group>";
		};
		3F6A42B51BA7283800109D14 /* MultiplyTests */ = {
			isa = PBXGroup;
			children = (
				3F6A42B81BA7283800109D14 /* MultiplyTests.swift */,
				3F6A42B61BA7283800109D14 /* Supporting Files */,
			);
			path = MultiplyTests;
			sourceTree = "<group>";
		};
		3F6A42B61BA7283800109D14 /* Supporting Files */ = {
			isa = PBXGroup;
			children = (
				3F6A42B71BA7283800109D14 /* Info.plist */,
			);
			name = "Supporting Files";
			sourceTree = "<group>";
		};
/* End PBXGroup section */

/* Begin PBXNativeTarget section */
		3F6A429C1BA7283800109D14 /* Multiply */ = {
			isa = PBXNativeTarget;
			buildConfigurationList = 3F6A42BC1BA7283800109D14 /* Build configuration list for PBXNativeTarget "Multiply" */;
			buildPhases = (
				3F6A42991BA7283800109D14 /* Sources */,
				3F6A429A1BA7283800109D14 /* Frameworks */,
				3F6A429B1BA7283800109D14 /* Resources */,
			);
			buildRules = (
			);
			dependencies = (
			);
			name = Multiply;
			productName = Multiply;
			productReference = 3F6A429D1BA7283800109D14 /* Multiply.app */;
			productType = "com.apple.product-type.application";
		};
		3F6A42B11BA7283800109D14 /* MultiplyTests */ = {
			isa = PBXNativeTarget;
			buildConfigurationList = 3F6A42BF1BA7283800109D14 /* Build configuration list for PBXNativeTarget "MultiplyTests" */;
			buildPhases = (
				3F6A42AE1BA7283800109D14 /* Sources */,
				3F6A42AF1BA7283800109D14 /* Frameworks */,
				3F6A42B01BA7283800109D14 /* Resources */,
			);
			buildRules = (
			);
			dependencies = (
				3F6A42B41BA7283800109D14 /* PBXTargetDependency */,
			);
			name = MultiplyTests;
			productName = MultiplyTests;
			productReference = 3F6A42B21BA7283800109D14 /* MultiplyTests.xctest */;
			productType = "com.apple.product-type.bundle.unit-test";
		};
/* End PBXNativeTarget section */

/* Begin PBXProject section */
		3F6A42951BA7283800109D14 /* Project object */ = {
			isa = PBXProject;
			attributes = {
				LastSwiftUpdateCheck = 0700;
				LastUpgradeCheck = 0640;
				ORGANIZATIONNAME = HChlebek;
				TargetAttributes = {
					3F6A429C1BA7283800109D14 = {
						CreatedOnToolsVersion = 6.4;
					};
					3F6A42B11BA7283800109D14 = {
						CreatedOnToolsVersion = 6.4;
						TestTargetID = 3F6A429C1BA7283800109D14;
					};
				};
			};
			buildConfigurationList = 3F6A42981BA7283800109D14 /* Build configuration list for PBXProject "Multiply" */;
			compatibilityVersion = "Xcode 3.2";
			developmentRegion = English;
			hasScannedForEncodings = 0;
			knownRegions = (
				en,
				Base,
			);
			mainGroup = 3F6A42941BA7283800109D14;
			productRefGroup = 3F6A429E1BA7283800109D14 /* Products */;
			projectDirPath = "";
			projectRoot = "";
			targets = (
				3F6A429C1BA7283800109D14 /* Multiply */,
				3F6A42B11BA7283800109D14 /* MultiplyTests */,
			);
		};
/* End PBXProject section */

/* Begin PBXResourcesBuildPhase section */
		3F6A429B1BA7283800109D14 /* Resources */ = {
			isa = PBXResourcesBuildPhase;
			buildActionMask = 2147483647;
			files = (
				3F6A42A81BA7283800109D14 /* Main.storyboard in Resources */,
				3F6A42AD1BA7283800109D14 /* LaunchScreen.xib in Resources */,
				3F6A42AA1BA7283800109D14 /* Images.xcassets in Resources */,
			);
			runOnlyForDeploymentPostprocessing = 0;
		};
		3F6A42B01BA7283800109D14 /* Resources */ = {
			isa = PBXResourcesBuildPhase;
			buildActionMask = 2147483647;
			files = (
			);
			runOnlyForDeploymentPostprocessing = 0;
		};
/* End PBXResourcesBuildPhase section */

/* Begin PBXSourcesBuildPhase section */
		3F6A42991BA7283800109D14 /* Sources */ = {
			isa = PBXSourcesBuildPhase;
			buildActionMask = 2147483647;
			files = (
				3F6A42A51BA7283800109D14 /* ViewController.swift in Sources */,
				3F6A42A31BA7283800109D14 /* AppDelegate.swift in Sources */,
			);
			runOnlyForDeploymentPostprocessing = 0;
		};
		3F6A42AE1BA7283800109D14 /* Sources */ = {
			isa = PBXSourcesBuildPhase;
			buildActionMask = 2147483647;
			files = (
				3F6A42B91BA7283800109D14 /* MultiplyTests.swift in Sources */,
			);
			runOnlyForDeploymentPostprocessing = 0;
		};
/* End PBXSourcesBuildPhase section */

/* Begin PBXTargetDependency section */
		3F6A42B41BA7283800109D14 /* PBXTargetDependency */ = {
			isa = PBXTargetDependency;
			target = 3F6A429C1BA7283800109D14 /* Multiply */;
			targetProxy = 3F6A42B31BA7283800109D14 /* PBXContainerItemProxy */;
		};
/* End PBXTargetDependency section */

/* Begin PBXVariantGroup section */
		3F6A42A61BA7283800109D14 /* Main.storyboard */ = {
			isa = PBXVariantGroup;
			children = (
				3F6A42A71BA7283800109D14 /* Base */,
			);
			name = Main.storyboard;
			sourceTree = "<group>";
		};
		3F6A42AB1BA7283800109D14 /* LaunchScreen.xib */ = {
			isa = PBXVariantGroup;
			children = (
				3F6A42AC1BA7283800109D14 /* Base */,
			);
			name = LaunchScreen.xib;
			sourceTree = "<group>";
		};
/* End PBXVariantGroup section */

/* Begin XCBuildConfiguration section */
		3F6A42BA1BA7283800109D14 /* Debug */ = {
			isa = XCBuildConfiguration;
			buildSettings = {
				ALWAYS_SEARCH_USER_PATHS = NO;
				CLANG_CXX_LANGUAGE_STANDARD = "gnu++0x";
				CLANG_CXX_LIBRARY = "libc++";
				CLANG_ENABLE_MODULES = YES;
				CLANG_ENABLE_OBJC_ARC = YES;
				CLANG_WARN_BOOL_CONVERSION = YES;
				CLANG_WARN_CONSTANT_CONVERSION = YES;
				CLANG_WARN_DIRECT_OBJC_ISA_USAGE = YES_ERROR;
				CLANG_WARN_EMPTY_BODY = YES;
				CLANG_WARN_ENUM_CONVERSION = YES;
				CLANG_WARN_INT_CONVERSION = YES;
				CLANG_WARN_OBJC_ROOT_CLASS = YES_ERROR;
				CLANG_WARN_UNREACHABLE_CODE = YES;
				CLANG_WARN__DUPLICATE_METHOD_MATCH = YES;
				"CODE_SIGN_IDENTITY[sdk=iphoneos*]" = "iPhone Developer";
				COPY_PHASE_STRIP = NO;
				DEBUG_INFORMATION_FORMAT = "dwarf-with-dsym";
				ENABLE_STRICT_OBJC_MSGSEND = YES;
				GCC_C_LANGUAGE_STANDARD = gnu99;
				GCC_DYNAMIC_NO_PIC = NO;
				GCC_NO_COMMON_BLOCKS = YES;
				GCC_OPTIMIZATION_LEVEL = 0;
				GCC_PREPROCESSOR_DEFINITIONS = (
					"DEBUG=1",
					"$(inherited)",
				);
				GCC_SYMBOLS_PRIVATE_EXTERN = NO;
				GCC_WARN_64_TO_32_BIT_CONVERSION = YES;
				GCC_WARN_ABOUT_RETURN_TYPE = YES_ERROR;
				GCC_WARN_UNDECLARED_SELECTOR = YES;
				GCC_WARN_UNINITIALIZED_AUTOS = YES_AGGRESSIVE;
				GCC_WARN_UNUSED_FUNCTION = YES;
				GCC_WARN_UNUSED_VARIABLE = YES;
				IPHONEOS_DEPLOYMENT_TARGET = 8.4;
				MTL_ENABLE_DEBUG_INFO = YES;
				ONLY_ACTIVE_ARCH = YES;
				SDKROOT = iphoneos;
				SWIFT_OPTIMIZATION_LEVEL = "-Onone";
				TARGETED_DEVICE_FAMILY = "1,2";
			};
			name = Debug;
		};
		3F6A42BB1BA7283800109D14 /* Release */ = {
			isa = XCBuildConfiguration;
			buildSettings = {
				ALWAYS_SEARCH_USER_PATHS = NO;
				CLANG_CXX_LANGUAGE_STANDARD = "gnu++0x";
				CLANG_CXX_LIBRARY = "libc++";
				CLANG_ENABLE_MODULES = YES;
				CLANG_ENABLE_OBJC_ARC = YES;
				CLANG_WARN_BOOL_CONVERSION = YES;
				CLANG_WARN_CONSTANT_CONVERSION = YES;
				CLANG_WARN_DIRECT_OBJC_ISA_USAGE = YES_ERROR;
				CLANG_WARN_EMPTY_BODY = YES;
				CLANG_WARN_ENUM_CONVERSION = YES;
				CLANG_WARN_INT_CONVERSION = YES;
				CLANG_WARN_OBJC_ROOT_CLASS = YES_ERROR;
				CLANG_WARN_UNREACHABLE_CODE = YES;
				CLANG_WARN__DUPLICATE_METHOD_MATCH = YES;
				"CODE_SIGN_IDENTITY[sdk=iphoneos*]" = "iPhone Developer";
				COPY_PHASE_STRIP = NO;
				DEBUG_INFORMATION_FORMAT = "dwarf-with-dsym";
				ENABLE_NS_ASSERTIONS = NO;
				ENABLE_STRICT_OBJC_MSGSEND = YES;
				GCC_C_LANGUAGE_STANDARD = gnu99;
				GCC_NO_COMMON_BLOCKS = YES;
				GCC_WARN_64_TO_32_BIT_CONVERSION = YES;
				GCC_WARN_ABOUT_RETURN_TYPE = YES_ERROR;
				GCC_WARN_UNDECLARED_SELECTOR = YES;
				GCC_WARN_UNINITIALIZED_AUTOS = YES_AGGRESSIVE;
				GCC_WARN_UNUSED_FUNCTION = YES;
				GCC_WARN_UNUSED_VARIABLE = YES;
				IPHONEOS_DEPLOYMENT_TARGET = 8.4;
				MTL_ENABLE_DEBUG_INFO = NO;
				SDKROOT = iphoneos;
				TARGETED_DEVICE_FAMILY = "1,2";
				VALIDATE_PRODUCT = YES;
			};
			name = Release;
		};
		3F6A42BD1BA7283800109D14 /* Debug */ = {
			isa = XCBuildConfiguration;
			buildSettings = {
				ASSETCATALOG_COMPILER_APPICON_NAME = AppIcon;
				INFOPLIST_FILE = Multiply/Info.plist;
				LD_RUNPATH_SEARCH_PATHS = "$(inherited) @executable_path/Frameworks";
				PRODUCT_NAME = "$(TARGET_NAME)";
			};
			name = Debug;
		};
		3F6A42BE1BA7283800109D14 /* Release */ = {
			isa = XCBuildConfiguration;
			buildSettings = {
				ASSETCATALOG_COMPILER_APPICON_NAME = AppIcon;
				INFOPLIST_FILE = Multiply/Info.plist;
				LD_RUNPATH_SEARCH_PATHS = "$(inherited) @executable_path/Frameworks";
				PRODUCT_NAME = "$(TARGET_NAME)";
			};
			name = Release;
		};
		3F6A42C01BA7283800109D14 /* Debug */ = {
			isa = XCBuildConfiguration;
			buildSettings = {
				BUNDLE_LOADER = "$(TEST_HOST)";
				FRAMEWORK_SEARCH_PATHS = (
					"$(SDKROOT)/Developer/Library/Frameworks",
					"$(inherited)",
				);
				GCC_PREPROCESSOR_DEFINITIONS = (
					"DEBUG=1",
					"$(inherited)",
				);
				INFOPLIST_FILE = MultiplyTests/Info.plist;
				LD_RUNPATH_SEARCH_PATHS = "$(inherited) @executable_path/Frameworks @loader_path/Frameworks";
				PRODUCT_NAME = "$(TARGET_NAME)";
				TEST_HOST = "$(BUILT_PRODUCTS_DIR)/Multiply.app/Multiply";
			};
			name = Debug;
		};
		3F6A42C11BA7283800109D14 /* Release */ = {
			isa = XCBuildConfiguration;
			buildSettings = {
				BUNDLE_LOADER = "$(TEST_HOST)";
				FRAMEWORK_SEARCH_PATHS = (
					"$(SDKROOT)/Developer/Library/Frameworks",
					"$(inherited)",
				);
				INFOPLIST_FILE = MultiplyTests/Info.plist;
				LD_RUNPATH_SEARCH_PATHS = "$(inherited) @executable_path/Frameworks @loader_path/Frameworks";
				PRODUCT_NAME = "$(TARGET_NAME)";
				TEST_HOST = "$(BUILT_PRODUCTS_DIR)/Multiply.app/Multiply";
			};
			name = Release;
		};
/* End XCBuildConfiguration section */

/* Begin XCConfigurationList section */
		3F6A42981BA7283800109D14 /* Build configuration list for PBXProject "Multiply" */ = {
			isa = XCConfigurationList;
			buildConfigurations = (
				3F6A42BA1BA7283800109D14 /* Debug */,
				3F6A42BB1BA7283800109D14 /* Release */,
			);
			defaultConfigurationIsVisible = 0;
			defaultConfigurationName = Release;
		};
		3F6A42BC1BA7283800109D14 /* Build configuration list for PBXNativeTarget "Multiply" */ = {
			isa = XCConfigurationList;
			buildConfigurations = (
				3F6A42BD1BA7283800109D14 /* Debug */,
				3F6A42BE1BA7283800109D14 /* Release */,
			);
			defaultConfigurationIsVisible = 0;
			defaultConfigurationName = Release;
		};
		3F6A42BF1BA7283800109D14 /* Build configuration list for PBXNativeTarget "MultiplyTests" */ = {
			isa = XCConfigurationList;
			buildConfigurations = (
				3F6A42C01BA7283800109D14 /* Debug */,
				3F6A42C11BA7283800109D14 /* Release */,
			);
			defaultConfigurationIsVisible = 0;
			defaultConfigurationName = Release;
		};
/* End XCConfigurationList section */
	};
	rootObject = 3F6A42951BA7283800109D14 /* Project object */;
}
